{
    "_readme": [
        "This file locks the dependencies of your project to a known state",
        "Read more about it at http://getcomposer.org/doc/01-basic-usage.md#composer-lock-the-lock-file"
    ],
    "hash": "4727b9183f3b5d72ec46b7ba8870a8e5",
    "packages": [
        {
            "name": "braincrafted/background-process",
            "version": "v0.2",
            "source": {
                "type": "git",
                "url": "https://github.com/braincrafted/background-process.git",
                "reference": "v0.2"
            },
            "dist": {
                "type": "zip",
                "url": "https://api.github.com/repos/braincrafted/background-process/zipball/v0.2",
                "reference": "v0.2",
                "shasum": ""
            },
            "require-dev": {
                "phpunit/phpunit": "3.7.x"
            },
            "type": "library",
            "autoload": {
                "psr-0": {
                    "Bc\\BackgroundProcess": "src/"
                }
            },
            "notification-url": "https://packagist.org/downloads/",
            "time": "2013-04-24 09:45:47"
        },
        {
            "name": "braincrafted/json",
            "version": "v0.1",
            "source": {
                "type": "git",
                "url": "https://github.com/braincrafted/json.git",
                "reference": "v0.1"
            },
            "dist": {
                "type": "zip",
                "url": "https://api.github.com/repos/braincrafted/json/zipball/v0.1",
                "reference": "v0.1",
                "shasum": ""
            },
            "require-dev": {
                "phpunit/phpunit": "3.7.x"
            },
            "type": "library",
            "autoload": {
                "psr-0": {
                    "Bc\\Json": "src/"
                }
            },
            "notification-url": "https://packagist.org/downloads/",
            "time": "2013-04-24 06:43:58"
        },
        {
            "name": "braincrafted/mq",
            "version": "dev-master",
            "source": {
                "type": "git",
                "url": "https://github.com/braincrafted/mq.git",
                "reference": "6121d562db933e3ddcc90c7120aa54512d74de15"
            },
            "dist": {
                "type": "zip",
                "url": "https://api.github.com/repos/braincrafted/mq/zipball/6121d562db933e3ddcc90c7120aa54512d74de15",
                "reference": "6121d562db933e3ddcc90c7120aa54512d74de15",
                "shasum": ""
            },
            "require": {
                "braincrafted/background-process": "0.2.*",
                "braincrafted/json": "0.1.*",
                "react/socket": "0.3.*"
            },
            "require-dev": {
                "mockery/mockery": "0.8.*",
                "phpunit/phpunit": "3.7.*"
            },
            "type": "library",
            "autoload": {
                "psr-0": {
                    "Bc\\Mq": "src/"
                }
            },
            "notification-url": "https://packagist.org/downloads/",
            "time": "2013-04-24 12:49:40"
        },
        {
            "name": "evenement/evenement",
            "version": "v1.0.0",
            "source": {
                "type": "git",
                "url": "https://github.com/igorw/evenement",
                "reference": "v1.0.0"
            },
            "dist": {
                "type": "zip",
                "url": "https://github.com/igorw/evenement/zipball/v1.0.0",
                "reference": "v1.0.0",
                "shasum": ""
            },
            "require": {
                "php": ">=5.3.0"
            },
            "type": "library",
            "autoload": {
                "psr-0": {
                    "Evenement": "src"
                }
            },
            "notification-url": "https://packagist.org/downloads/",
            "license": [
                "MIT"
            ],
            "authors": [
                {
                    "name": "Igor Wiedler",
                    "email": "igor@wiedler.ch",
                    "homepage": "http://wiedler.ch/igor/"
                }
            ],
            "description": "Événement is a very simple event dispatching library for PHP 5.3",
            "keywords": [
                "event-dispatcher"
            ],
            "time": "2012-05-30 08:01:08"
        },
        {
            "name": "react/event-loop",
            "version": "v0.3.1",
            "target-dir": "React/EventLoop",
            "source": {
                "type": "git",
                "url": "https://github.com/reactphp/event-loop.git",
                "reference": "v0.3.1"
            },
            "dist": {
                "type": "zip",
                "url": "https://api.github.com/repos/reactphp/event-loop/zipball/v0.3.1",
                "reference": "v0.3.1",
                "shasum": ""
            },
            "require": {
                "php": ">=5.3.3"
            },
            "suggest": {
                "ext-libev": "*",
                "ext-libevent": ">=0.0.5"
            },
            "type": "library",
            "extra": {
                "branch-alias": {
                    "dev-master": "0.3-dev"
                }
            },
            "autoload": {
                "psr-0": {
                    "React\\EventLoop": ""
                }
            },
            "notification-url": "https://packagist.org/downloads/",
            "license": [
                "MIT"
            ],
            "description": "Event loop abstraction layer that libraries can use for evented I/O.",
            "keywords": [
                "event-loop"
            ],
            "time": "2013-01-14 23:11:47"
        },
        {
            "name": "react/socket",
            "version": "v0.3.1",
            "target-dir": "React/Socket",
            "source": {
                "type": "git",
                "url": "https://github.com/reactphp/socket.git",
                "reference": "v0.3.1"
            },
            "dist": {
                "type": "zip",
                "url": "https://api.github.com/repos/reactphp/socket/zipball/v0.3.1",
                "reference": "v0.3.1",
                "shasum": ""
            },
            "require": {
                "evenement/evenement": "1.0.*",
                "php": ">=5.3.3",
                "react/event-loop": "0.3.*",
                "react/stream": "0.3.*"
            },
            "type": "library",
            "extra": {
                "branch-alias": {
                    "dev-master": "0.3-dev"
                }
            },
            "autoload": {
                "psr-0": {
                    "React\\Socket": ""
                }
            },
            "notification-url": "https://packagist.org/downloads/",
            "license": [
                "MIT"
            ],
            "description": "Library for building an evented socket server.",
            "keywords": [
                "Socket"
            ],
            "time": "2013-04-20 14:53:10"
        },
        {
            "name": "react/stream",
            "version": "v0.3.1",
            "target-dir": "React/Stream",
            "source": {
                "type": "git",
                "url": "https://github.com/reactphp/stream.git",
                "reference": "v0.3.1"
            },
            "dist": {
                "type": "zip",
                "url": "https://api.github.com/repos/reactphp/stream/zipball/v0.3.1",
                "reference": "v0.3.1",
                "shasum": ""
            },
            "require": {
                "evenement/evenement": "1.0.*",
                "php": ">=5.3.3"
            },
            "suggest": {
                "react/event-loop": "0.3.*",
                "react/promise": "~1.0"
            },
            "type": "library",
            "extra": {
                "branch-alias": {
                    "dev-master": "0.3-dev"
                }
            },
            "autoload": {
                "psr-0": {
                    "React\\Stream": ""
                }
            },
            "notification-url": "https://packagist.org/downloads/",
            "license": [
                "MIT"
            ],
            "description": "Basic readable and writable stream interfaces that support piping.",
            "keywords": [
                "pipe",
                "stream"
            ],
            "time": "2013-04-21 13:25:49"
        }
    ],
    "packages-dev": null,
    "aliases": [

    ],
    "minimum-stability": "stable",
    "stability-flags": {
        "braincrafted/mq": 20
    },
    "platform": [

    ],
    "platform-dev": [

    ]
}
